// !$*UTF8*$!
{
	archiveVersion = 1;
	classes = {
	};
	objectVersion = 46;
	objects = {

/* Begin PBXBuildFile section */
		D026D16019CD10B700AF6775 /* UIFont+YHWHCustomFont.m in Sources */ = {isa = PBXBuildFile; fileRef = D026D15F19CD10B700AF6775 /* UIFont+YHWHCustomFont.m */; };
		D026D16519CD144500AF6775 /* TeXGyreHeros-Bold.otf in Resources */ = {isa = PBXBuildFile; fileRef = D026D16119CD144500AF6775 /* TeXGyreHeros-Bold.otf */; };
		D026D16619CD144500AF6775 /* TeXGyreHeros-BoldItalic.otf in Resources */ = {isa = PBXBuildFile; fileRef = D026D16219CD144500AF6775 /* TeXGyreHeros-BoldItalic.otf */; };
		D026D16719CD144500AF6775 /* TeXGyreHeros-Italic.otf in Resources */ = {isa = PBXBuildFile; fileRef = D026D16319CD144500AF6775 /* TeXGyreHeros-Italic.otf */; };
		D026D16819CD144500AF6775 /* TeXGyreHeros-Regular.otf in Resources */ = {isa = PBXBuildFile; fileRef = D026D16419CD144500AF6775 /* TeXGyreHeros-Regular.otf */; };
		D026D16B19CF420C00AF6775 /* UISegmentedControl+YHWHSegmentIndex.m in Sources */ = {isa = PBXBuildFile; fileRef = D026D16A19CF420C00AF6775 /* UISegmentedControl+YHWHSegmentIndex.m */; };
		D026D16E19CF46E500AF6775 /* YHWHConstants.m in Sources */ = {isa = PBXBuildFile; fileRef = D026D16D19CF46E500AF6775 /* YHWHConstants.m */; };
		D0A53D6B19CB5EEF00306799 /* main.m in Sources */ = {isa = PBXBuildFile; fileRef = D0A53D6A19CB5EEF00306799 /* main.m */; };
		D0A53D6E19CB5EEF00306799 /* YHWHAppDelegate.m in Sources */ = {isa = PBXBuildFile; fileRef = D0A53D6D19CB5EEF00306799 /* YHWHAppDelegate.m */; };
		D0A53D7119CB5EEF00306799 /* NamesOfGod.xcdatamodeld in Sources */ = {isa = PBXBuildFile; fileRef = D0A53D6F19CB5EEF00306799 /* NamesOfGod.xcdatamodeld */; };
		D0A53D7419CB5EEF00306799 /* YHWHMasterViewController.m in Sources */ = {isa = PBXBuildFile; fileRef = D0A53D7319CB5EEF00306799 /* YHWHMasterViewController.m */; };
		D0A53D7719CB5EEF00306799 /* YHWHDetailViewController.m in Sources */ = {isa = PBXBuildFile; fileRef = D0A53D7619CB5EEF00306799 /* YHWHDetailViewController.m */; };
		D0A53D7A19CB5EEF00306799 /* Main.storyboard in Resources */ = {isa = PBXBuildFile; fileRef = D0A53D7819CB5EEF00306799 /* Main.storyboard */; };
		D0A53D7C19CB5EEF00306799 /* Images.xcassets in Resources */ = {isa = PBXBuildFile; fileRef = D0A53D7B19CB5EEF00306799 /* Images.xcassets */; };
		D0A53D7F19CB5EEF00306799 /* LaunchScreen.xib in Resources */ = {isa = PBXBuildFile; fileRef = D0A53D7D19CB5EEF00306799 /* LaunchScreen.xib */; };
		D0A53D8B19CB5EEF00306799 /* NamesOfGodTests.m in Sources */ = {isa = PBXBuildFile; fileRef = D0A53D8A19CB5EEF00306799 /* NamesOfGodTests.m */; };
		D0A53DA419CB66B500306799 /* _YHWHName.m in Sources */ = {isa = PBXBuildFile; fileRef = D0A53D9D19CB66B500306799 /* _YHWHName.m */; };
		D0A53DA519CB66B500306799 /* YHWHName.m in Sources */ = {isa = PBXBuildFile; fileRef = D0A53D9F19CB66B500306799 /* YHWHName.m */; };
		D0A53DA619CB66B500306799 /* _YHWHVerse.m in Sources */ = {isa = PBXBuildFile; fileRef = D0A53DA119CB66B500306799 /* _YHWHVerse.m */; };
		D0A53DA719CB66B500306799 /* YHWHVerse.m in Sources */ = {isa = PBXBuildFile; fileRef = D0A53DA319CB66B500306799 /* YHWHVerse.m */; };
		D0A53DA919CB698100306799 /* NamesOfGod.sqlite in Resources */ = {isa = PBXBuildFile; fileRef = D0A53DA819CB698100306799 /* NamesOfGod.sqlite */; };
		D0EA9B331A0C7810007F7959 /* UISegmentedControlCategoryTests.m in Sources */ = {isa = PBXBuildFile; fileRef = D0EA9B321A0C7810007F7959 /* UISegmentedControlCategoryTests.m */; settings = {COMPILER_FLAGS = "-Wno-gnu-statement-expression -Wno-documentation-unknown-command"; }; };
/* End PBXBuildFile section */

/* Begin PBXContainerItemProxy section */
		D0A53D8519CB5EEF00306799 /* PBXContainerItemProxy */ = {
			isa = PBXContainerItemProxy;
			containerPortal = D0A53D5D19CB5EEF00306799 /* Project object */;
			proxyType = 1;
			remoteGlobalIDString = D0A53D6419CB5EEF00306799;
			remoteInfo = NamesOfGod;
		};
/* End PBXContainerItemProxy section */

/* Begin PBXFileReference section */
		D026D15E19CD10B700AF6775 /* UIFont+YHWHCustomFont.h */ = {isa = PBXFileReference; fileEncoding = 4; lastKnownFileType = sourcecode.c.h; path = "UIFont+YHWHCustomFont.h"; sourceTree = "<group>"; };
		D026D15F19CD10B700AF6775 /* UIFont+YHWHCustomFont.m */ = {isa = PBXFileReference; fileEncoding = 4; lastKnownFileType = sourcecode.c.objc; path = "UIFont+YHWHCustomFont.m"; sourceTree = "<group>"; };
		D026D16119CD144500AF6775 /* TeXGyreHeros-Bold.otf */ = {isa = PBXFileReference; lastKnownFileType = file; path = "TeXGyreHeros-Bold.otf"; sourceTree = "<group>"; };
		D026D16219CD144500AF6775 /* TeXGyreHeros-BoldItalic.otf */ = {isa = PBXFileReference; lastKnownFileType = file; path = "TeXGyreHeros-BoldItalic.otf"; sourceTree = "<group>"; };
		D026D16319CD144500AF6775 /* TeXGyreHeros-Italic.otf */ = {isa = PBXFileReference; lastKnownFileType = file; path = "TeXGyreHeros-Italic.otf"; sourceTree = "<group>"; };
		D026D16419CD144500AF6775 /* TeXGyreHeros-Regular.otf */ = {isa = PBXFileReference; lastKnownFileType = file; path = "TeXGyreHeros-Regular.otf"; sourceTree = "<group>"; };
		D026D16919CF420C00AF6775 /* UISegmentedControl+YHWHSegmentIndex.h */ = {isa = PBXFileReference; fileEncoding = 4; lastKnownFileType = sourcecode.c.h; path = "UISegmentedControl+YHWHSegmentIndex.h"; sourceTree = "<group>"; };
		D026D16A19CF420C00AF6775 /* UISegmentedControl+YHWHSegmentIndex.m */ = {isa = PBXFileReference; fileEncoding = 4; lastKnownFileType = sourcecode.c.objc; path = "UISegmentedControl+YHWHSegmentIndex.m"; sourceTree = "<group>"; };
		D026D16C19CF46E500AF6775 /* YHWHConstants.h */ = {isa = PBXFileReference; fileEncoding = 4; lastKnownFileType = sourcecode.c.h; path = YHWHConstants.h; sourceTree = "<group>"; };
		D026D16D19CF46E500AF6775 /* YHWHConstants.m */ = {isa = PBXFileReference; fileEncoding = 4; lastKnownFileType = sourcecode.c.objc; path = YHWHConstants.m; sourceTree = "<group>"; };
		D0A53D6519CB5EEF00306799 /* NamesOfGod.app */ = {isa = PBXFileReference; explicitFileType = wrapper.application; includeInIndex = 0; path = NamesOfGod.app; sourceTree = BUILT_PRODUCTS_DIR; };
		D0A53D6919CB5EEF00306799 /* NamesOfGod-Info.plist */ = {isa = PBXFileReference; lastKnownFileType = text.plist.xml; path = "NamesOfGod-Info.plist"; sourceTree = "<group>"; };
		D0A53D6A19CB5EEF00306799 /* main.m */ = {isa = PBXFileReference; lastKnownFileType = sourcecode.c.objc; path = main.m; sourceTree = "<group>"; };
		D0A53D6C19CB5EEF00306799 /* YHWHAppDelegate.h */ = {isa = PBXFileReference; lastKnownFileType = sourcecode.c.h; path = YHWHAppDelegate.h; sourceTree = "<group>"; };
		D0A53D6D19CB5EEF00306799 /* YHWHAppDelegate.m */ = {isa = PBXFileReference; lastKnownFileType = sourcecode.c.objc; path = YHWHAppDelegate.m; sourceTree = "<group>"; };
		D0A53D7019CB5EEF00306799 /* NamesOfGod.xcdatamodel */ = {isa = PBXFileReference; lastKnownFileType = wrapper.xcdatamodel; path = NamesOfGod.xcdatamodel; sourceTree = "<group>"; };
		D0A53D7219CB5EEF00306799 /* YHWHMasterViewController.h */ = {isa = PBXFileReference; lastKnownFileType = sourcecode.c.h; path = YHWHMasterViewController.h; sourceTree = "<group>"; };
		D0A53D7319CB5EEF00306799 /* YHWHMasterViewController.m */ = {isa = PBXFileReference; lastKnownFileType = sourcecode.c.objc; path = YHWHMasterViewController.m; sourceTree = "<group>"; };
		D0A53D7519CB5EEF00306799 /* YHWHDetailViewController.h */ = {isa = PBXFileReference; lastKnownFileType = sourcecode.c.h; path = YHWHDetailViewController.h; sourceTree = "<group>"; };
		D0A53D7619CB5EEF00306799 /* YHWHDetailViewController.m */ = {isa = PBXFileReference; lastKnownFileType = sourcecode.c.objc; path = YHWHDetailViewController.m; sourceTree = "<group>"; };
		D0A53D7919CB5EEF00306799 /* Base */ = {isa = PBXFileReference; lastKnownFileType = file.storyboard; name = Base; path = Base.lproj/Main.storyboard; sourceTree = "<group>"; };
		D0A53D7B19CB5EEF00306799 /* Images.xcassets */ = {isa = PBXFileReference; lastKnownFileType = folder.assetcatalog; path = Images.xcassets; sourceTree = "<group>"; };
		D0A53D7E19CB5EEF00306799 /* Base */ = {isa = PBXFileReference; lastKnownFileType = file.xib; name = Base; path = Base.lproj/LaunchScreen.xib; sourceTree = "<group>"; };
		D0A53D8419CB5EEF00306799 /* NamesOfGodTests.xctest */ = {isa = PBXFileReference; explicitFileType = wrapper.cfbundle; includeInIndex = 0; path = NamesOfGodTests.xctest; sourceTree = BUILT_PRODUCTS_DIR; };
		D0A53D8919CB5EEF00306799 /* NamesOfGodTests-Info.plist */ = {isa = PBXFileReference; lastKnownFileType = text.plist.xml; path = "NamesOfGodTests-Info.plist"; sourceTree = "<group>"; };
		D0A53D8A19CB5EEF00306799 /* NamesOfGodTests.m */ = {isa = PBXFileReference; lastKnownFileType = sourcecode.c.objc; path = NamesOfGodTests.m; sourceTree = "<group>"; };
		D0A53D9C19CB66B500306799 /* _YHWHName.h */ = {isa = PBXFileReference; fileEncoding = 4; lastKnownFileType = sourcecode.c.h; path = _YHWHName.h; sourceTree = "<group>"; };
		D0A53D9D19CB66B500306799 /* _YHWHName.m */ = {isa = PBXFileReference; fileEncoding = 4; lastKnownFileType = sourcecode.c.objc; path = _YHWHName.m; sourceTree = "<group>"; };
		D0A53D9E19CB66B500306799 /* YHWHName.h */ = {isa = PBXFileReference; fileEncoding = 4; lastKnownFileType = sourcecode.c.h; path = YHWHName.h; sourceTree = "<group>"; };
		D0A53D9F19CB66B500306799 /* YHWHName.m */ = {isa = PBXFileReference; fileEncoding = 4; lastKnownFileType = sourcecode.c.objc; path = YHWHName.m; sourceTree = "<group>"; };
		D0A53DA019CB66B500306799 /* _YHWHVerse.h */ = {isa = PBXFileReference; fileEncoding = 4; lastKnownFileType = sourcecode.c.h; path = _YHWHVerse.h; sourceTree = "<group>"; };
		D0A53DA119CB66B500306799 /* _YHWHVerse.m */ = {isa = PBXFileReference; fileEncoding = 4; lastKnownFileType = sourcecode.c.objc; path = _YHWHVerse.m; sourceTree = "<group>"; };
		D0A53DA219CB66B500306799 /* YHWHVerse.h */ = {isa = PBXFileReference; fileEncoding = 4; lastKnownFileType = sourcecode.c.h; path = YHWHVerse.h; sourceTree = "<group>"; };
		D0A53DA319CB66B500306799 /* YHWHVerse.m */ = {isa = PBXFileReference; fileEncoding = 4; lastKnownFileType = sourcecode.c.objc; path = YHWHVerse.m; sourceTree = "<group>"; };
		D0A53DA819CB698100306799 /* NamesOfGod.sqlite */ = {isa = PBXFileReference; lastKnownFileType = file; name = NamesOfGod.sqlite; path = ../Base.lproj/NamesOfGod.sqlite; sourceTree = "<group>"; };
		D0EA9B321A0C7810007F7959 /* UISegmentedControlCategoryTests.m */ = {isa = PBXFileReference; fileEncoding = 4; lastKnownFileType = sourcecode.c.objc; path = UISegmentedControlCategoryTests.m; sourceTree = "<group>"; };
/* End PBXFileReference section */

/* Begin PBXFrameworksBuildPhase section */
		D0A53D6219CB5EEF00306799 /* Frameworks */ = {
			isa = PBXFrameworksBuildPhase;
			buildActionMask = 2147483647;
			files = (
			);
			runOnlyForDeploymentPostprocessing = 0;
		};
		D0A53D8119CB5EEF00306799 /* Frameworks */ = {
			isa = PBXFrameworksBuildPhase;
			buildActionMask = 2147483647;
			files = (
			);
			runOnlyForDeploymentPostprocessing = 0;
		};
/* End PBXFrameworksBuildPhase section */

/* Begin PBXGroup section */
		D0A53D5C19CB5EEF00306799 = {
			isa = PBXGroup;
			children = (
				D0A53D6719CB5EEF00306799 /* NamesOfGod */,
				D0A53D8719CB5EEF00306799 /* NamesOfGodTests */,
				D0A53D6619CB5EEF00306799 /* Products */,
			);
			sourceTree = "<group>";
		};
		D0A53D6619CB5EEF00306799 /* Products */ = {
			isa = PBXGroup;
			children = (
				D0A53D6519CB5EEF00306799 /* NamesOfGod.app */,
				D0A53D8419CB5EEF00306799 /* NamesOfGodTests.xctest */,
			);
			name = Products;
			sourceTree = "<group>";
		};
		D0A53D6719CB5EEF00306799 /* NamesOfGod */ = {
			isa = PBXGroup;
			children = (
				D0A53D6C19CB5EEF00306799 /* YHWHAppDelegate.h */,
				D0A53D6D19CB5EEF00306799 /* YHWHAppDelegate.m */,
				D0A53D9619CB63A100306799 /* Classes */,
				D0A53D7819CB5EEF00306799 /* Main.storyboard */,
				D0A53D7B19CB5EEF00306799 /* Images.xcassets */,
				D0A53D7D19CB5EEF00306799 /* LaunchScreen.xib */,
				D0A53D6F19CB5EEF00306799 /* NamesOfGod.xcdatamodeld */,
				D0A53D6819CB5EEF00306799 /* Supporting Files */,
			);
			path = NamesOfGod;
			sourceTree = "<group>";
		};
		D0A53D6819CB5EEF00306799 /* Supporting Files */ = {
			isa = PBXGroup;
			children = (
				D0A53D9419CB63A100306799 /* Resources */,
				D0A53D6919CB5EEF00306799 /* NamesOfGod-Info.plist */,
				D0A53D6A19CB5EEF00306799 /* main.m */,
			);
			name = "Supporting Files";
			sourceTree = "<group>";
		};
		D0A53D8719CB5EEF00306799 /* NamesOfGodTests */ = {
			isa = PBXGroup;
			children = (
				D0A53D8A19CB5EEF00306799 /* NamesOfGodTests.m */,
				D0EA9B321A0C7810007F7959 /* UISegmentedControlCategoryTests.m */,
				D0A53D8819CB5EEF00306799 /* Supporting Files */,
			);
			path = NamesOfGodTests;
			sourceTree = "<group>";
		};
		D0A53D8819CB5EEF00306799 /* Supporting Files */ = {
			isa = PBXGroup;
			children = (
				D0A53D8919CB5EEF00306799 /* NamesOfGodTests-Info.plist */,
			);
			name = "Supporting Files";
			sourceTree = "<group>";
		};
		D0A53D9419CB63A100306799 /* Resources */ = {
			isa = PBXGroup;
			children = (
				D0A53DA819CB698100306799 /* NamesOfGod.sqlite */,
				D0A53D9519CB63A100306799 /* Fonts */,
			);
			path = Resources;
			sourceTree = "<group>";
		};
		D0A53D9519CB63A100306799 /* Fonts */ = {
			isa = PBXGroup;
			children = (
				D026D16119CD144500AF6775 /* TeXGyreHeros-Bold.otf */,
				D026D16219CD144500AF6775 /* TeXGyreHeros-BoldItalic.otf */,
				D026D16319CD144500AF6775 /* TeXGyreHeros-Italic.otf */,
				D026D16419CD144500AF6775 /* TeXGyreHeros-Regular.otf */,
			);
			path = Fonts;
			sourceTree = "<group>";
		};
		D0A53D9619CB63A100306799 /* Classes */ = {
			isa = PBXGroup;
			children = (
				D0A53D9719CB63A100306799 /* Categories */,
				D0A53D9819CB63A100306799 /* Controllers */,
				D0A53D9919CB63A100306799 /* Helpers */,
				D0A53D9A19CB63A100306799 /* Models */,
				D0A53D9B19CB63A100306799 /* Views */,
			);
			path = Classes;
			sourceTree = "<group>";
		};
		D0A53D9719CB63A100306799 /* Categories */ = {
			isa = PBXGroup;
			children = (
				D026D15E19CD10B700AF6775 /* UIFont+YHWHCustomFont.h */,
				D026D15F19CD10B700AF6775 /* UIFont+YHWHCustomFont.m */,
				D026D16919CF420C00AF6775 /* UISegmentedControl+YHWHSegmentIndex.h */,
				D026D16A19CF420C00AF6775 /* UISegmentedControl+YHWHSegmentIndex.m */,
			);
			path = Categories;
			sourceTree = "<group>";
		};
		D0A53D9819CB63A100306799 /* Controllers */ = {
			isa = PBXGroup;
			children = (
				D0A53D7219CB5EEF00306799 /* YHWHMasterViewController.h */,
				D0A53D7319CB5EEF00306799 /* YHWHMasterViewController.m */,
				D0A53D7519CB5EEF00306799 /* YHWHDetailViewController.h */,
				D0A53D7619CB5EEF00306799 /* YHWHDetailViewController.m */,
			);
			path = Controllers;
			sourceTree = "<group>";
		};
		D0A53D9919CB63A100306799 /* Helpers */ = {
			isa = PBXGroup;
			children = (
				D026D16C19CF46E500AF6775 /* YHWHConstants.h */,
				D026D16D19CF46E500AF6775 /* YHWHConstants.m */,
			);
			path = Helpers;
			sourceTree = "<group>";
		};
		D0A53D9A19CB63A100306799 /* Models */ = {
			isa = PBXGroup;
			children = (
				D0A53D9C19CB66B500306799 /* _YHWHName.h */,
				D0A53D9D19CB66B500306799 /* _YHWHName.m */,
				D0A53DA019CB66B500306799 /* _YHWHVerse.h */,
				D0A53DA119CB66B500306799 /* _YHWHVerse.m */,
				D0A53D9E19CB66B500306799 /* YHWHName.h */,
				D0A53D9F19CB66B500306799 /* YHWHName.m */,
				D0A53DA219CB66B500306799 /* YHWHVerse.h */,
				D0A53DA319CB66B500306799 /* YHWHVerse.m */,
			);
			path = Models;
			sourceTree = "<group>";
		};
		D0A53D9B19CB63A100306799 /* Views */ = {
			isa = PBXGroup;
			children = (
			);
			path = Views;
			sourceTree = "<group>";
		};
/* End PBXGroup section */

/* Begin PBXNativeTarget section */
		D0A53D6419CB5EEF00306799 /* NamesOfGod */ = {
			isa = PBXNativeTarget;
			buildConfigurationList = D0A53D8E19CB5EEF00306799 /* Build configuration list for PBXNativeTarget "NamesOfGod" */;
			buildPhases = (
				D0A53D6119CB5EEF00306799 /* Sources */,
				D0A53D6219CB5EEF00306799 /* Frameworks */,
				D0A53D6319CB5EEF00306799 /* Resources */,
			);
			buildRules = (
			);
			dependencies = (
			);
			name = NamesOfGod;
			productName = NamesOfGod;
			productReference = D0A53D6519CB5EEF00306799 /* NamesOfGod.app */;
			productType = "com.apple.product-type.application";
		};
		D0A53D8319CB5EEF00306799 /* NamesOfGodTests */ = {
			isa = PBXNativeTarget;
			buildConfigurationList = D0A53D9119CB5EEF00306799 /* Build configuration list for PBXNativeTarget "NamesOfGodTests" */;
			buildPhases = (
				D0A53D8019CB5EEF00306799 /* Sources */,
				D0A53D8119CB5EEF00306799 /* Frameworks */,
				D0A53D8219CB5EEF00306799 /* Resources */,
			);
			buildRules = (
			);
			dependencies = (
				D0A53D8619CB5EEF00306799 /* PBXTargetDependency */,
			);
			name = NamesOfGodTests;
			productName = NamesOfGodTests;
			productReference = D0A53D8419CB5EEF00306799 /* NamesOfGodTests.xctest */;
			productType = "com.apple.product-type.bundle.unit-test";
		};
/* End PBXNativeTarget section */

/* Begin PBXProject section */
		D0A53D5D19CB5EEF00306799 /* Project object */ = {
			isa = PBXProject;
			attributes = {
				LastUpgradeCheck = 0600;
				ORGANIZATIONNAME = "Peter Christian Jensen";
				TargetAttributes = {
					D0A53D6419CB5EEF00306799 = {
						CreatedOnToolsVersion = 6.0.1;
						DevelopmentTeam = DBV67NC7GC;
					};
					D0A53D8319CB5EEF00306799 = {
						CreatedOnToolsVersion = 6.0.1;
						TestTargetID = D0A53D6419CB5EEF00306799;
					};
				};
			};
			buildConfigurationList = D0A53D6019CB5EEF00306799 /* Build configuration list for PBXProject "NamesOfGod" */;
			compatibilityVersion = "Xcode 3.2";
			developmentRegion = English;
			hasScannedForEncodings = 0;
			knownRegions = (
				en,
				Base,
			);
			mainGroup = D0A53D5C19CB5EEF00306799;
			productRefGroup = D0A53D6619CB5EEF00306799 /* Products */;
			projectDirPath = "";
			projectRoot = "";
			targets = (
				D0A53D6419CB5EEF00306799 /* NamesOfGod */,
				D0A53D8319CB5EEF00306799 /* NamesOfGodTests */,
			);
		};
/* End PBXProject section */

/* Begin PBXResourcesBuildPhase section */
		D0A53D6319CB5EEF00306799 /* Resources */ = {
			isa = PBXResourcesBuildPhase;
			buildActionMask = 2147483647;
			files = (
				D0A53DA919CB698100306799 /* NamesOfGod.sqlite in Resources */,
				D026D16719CD144500AF6775 /* TeXGyreHeros-Italic.otf in Resources */,
				D0A53D7A19CB5EEF00306799 /* Main.storyboard in Resources */,
				D026D16519CD144500AF6775 /* TeXGyreHeros-Bold.otf in Resources */,
				D026D16619CD144500AF6775 /* TeXGyreHeros-BoldItalic.otf in Resources */,
				D0A53D7F19CB5EEF00306799 /* LaunchScreen.xib in Resources */,
				D0A53D7C19CB5EEF00306799 /* Images.xcassets in Resources */,
				D026D16819CD144500AF6775 /* TeXGyreHeros-Regular.otf in Resources */,
			);
			runOnlyForDeploymentPostprocessing = 0;
		};
		D0A53D8219CB5EEF00306799 /* Resources */ = {
			isa = PBXResourcesBuildPhase;
			buildActionMask = 2147483647;
			files = (
			);
			runOnlyForDeploymentPostprocessing = 0;
		};
/* End PBXResourcesBuildPhase section */

/* Begin PBXSourcesBuildPhase section */
		D0A53D6119CB5EEF00306799 /* Sources */ = {
			isa = PBXSourcesBuildPhase;
			buildActionMask = 2147483647;
			files = (
				D026D16019CD10B700AF6775 /* UIFont+YHWHCustomFont.m in Sources */,
				D0A53D7719CB5EEF00306799 /* YHWHDetailViewController.m in Sources */,
				D0A53D7419CB5EEF00306799 /* YHWHMasterViewController.m in Sources */,
				D026D16B19CF420C00AF6775 /* UISegmentedControl+YHWHSegmentIndex.m in Sources */,
				D0A53DA719CB66B500306799 /* YHWHVerse.m in Sources */,
				D0A53D6E19CB5EEF00306799 /* YHWHAppDelegate.m in Sources */,
				D0A53D6B19CB5EEF00306799 /* main.m in Sources */,
				D026D16E19CF46E500AF6775 /* YHWHConstants.m in Sources */,
				D0A53DA519CB66B500306799 /* YHWHName.m in Sources */,
				D0A53D7119CB5EEF00306799 /* NamesOfGod.xcdatamodeld in Sources */,
				D0A53DA619CB66B500306799 /* _YHWHVerse.m in Sources */,
				D0A53DA419CB66B500306799 /* _YHWHName.m in Sources */,
			);
			runOnlyForDeploymentPostprocessing = 0;
		};
		D0A53D8019CB5EEF00306799 /* Sources */ = {
			isa = PBXSourcesBuildPhase;
			buildActionMask = 2147483647;
			files = (
				D0EA9B331A0C7810007F7959 /* UISegmentedControlCategoryTests.m in Sources */,
				D0A53D8B19CB5EEF00306799 /* NamesOfGodTests.m in Sources */,
			);
			runOnlyForDeploymentPostprocessing = 0;
		};
/* End PBXSourcesBuildPhase section */

/* Begin PBXTargetDependency section */
		D0A53D8619CB5EEF00306799 /* PBXTargetDependency */ = {
			isa = PBXTargetDependency;
			target = D0A53D6419CB5EEF00306799 /* NamesOfGod */;
			targetProxy = D0A53D8519CB5EEF00306799 /* PBXContainerItemProxy */;
		};
/* End PBXTargetDependency section */

/* Begin PBXVariantGroup section */
		D0A53D7819CB5EEF00306799 /* Main.storyboard */ = {
			isa = PBXVariantGroup;
			children = (
				D0A53D7919CB5EEF00306799 /* Base */,
			);
			name = Main.storyboard;
			sourceTree = "<group>";
		};
		D0A53D7D19CB5EEF00306799 /* LaunchScreen.xib */ = {
			isa = PBXVariantGroup;
			children = (
				D0A53D7E19CB5EEF00306799 /* Base */,
			);
			name = LaunchScreen.xib;
			sourceTree = "<group>";
		};
/* End PBXVariantGroup section */

/* Begin XCBuildConfiguration section */
		D0A53D8C19CB5EEF00306799 /* Debug */ = {
			isa = XCBuildConfiguration;
			buildSettings = {
				ALWAYS_SEARCH_USER_PATHS = NO;
				CLANG_CXX_LANGUAGE_STANDARD = "gnu++0x";
				CLANG_CXX_LIBRARY = "libc++";
				CLANG_ENABLE_MODULES = YES;
				CLANG_ENABLE_OBJC_ARC = YES;
				CLANG_WARN_BOOL_CONVERSION = YES;
				CLANG_WARN_CONSTANT_CONVERSION = YES;
				CLANG_WARN_DIRECT_OBJC_ISA_USAGE = YES_ERROR;
				CLANG_WARN_EMPTY_BODY = YES;
				CLANG_WARN_ENUM_CONVERSION = YES;
				CLANG_WARN_INT_CONVERSION = YES;
				CLANG_WARN_OBJC_ROOT_CLASS = YES_ERROR;
				CLANG_WARN_UNREACHABLE_CODE = YES;
				CLANG_WARN__DUPLICATE_METHOD_MATCH = YES;
				"CODE_SIGN_IDENTITY[sdk=iphoneos*]" = "iPhone Developer";
				COPY_PHASE_STRIP = NO;
				ENABLE_STRICT_OBJC_MSGSEND = YES;
				GCC_C_LANGUAGE_STANDARD = gnu99;
				GCC_DYNAMIC_NO_PIC = NO;
				GCC_OPTIMIZATION_LEVEL = 0;
				GCC_PREPROCESSOR_DEFINITIONS = (
					"DEBUG=1",
					"$(inherited)",
				);
				GCC_SYMBOLS_PRIVATE_EXTERN = NO;
				GCC_WARN_64_TO_32_BIT_CONVERSION = YES;
				GCC_WARN_ABOUT_RETURN_TYPE = YES_ERROR;
				GCC_WARN_UNDECLARED_SELECTOR = YES;
				GCC_WARN_UNINITIALIZED_AUTOS = YES_AGGRESSIVE;
				GCC_WARN_UNUSED_FUNCTION = YES;
				GCC_WARN_UNUSED_VARIABLE = YES;
				IPHONEOS_DEPLOYMENT_TARGET = 8.0;
				MTL_ENABLE_DEBUG_INFO = YES;
				ONLY_ACTIVE_ARCH = YES;
				SDKROOT = iphoneos;
				TARGETED_DEVICE_FAMILY = "1,2";
				WARNING_CFLAGS = (
					"-Wall",
					"-Wextra",
					"-Weverything",
					"-Wno-unused-parameter",
				);
			};
			name = Debug;
		};
		D0A53D8D19CB5EEF00306799 /* Release */ = {
			isa = XCBuildConfiguration;
			buildSettings = {
				ALWAYS_SEARCH_USER_PATHS = NO;
				CLANG_CXX_LANGUAGE_STANDARD = "gnu++0x";
				CLANG_CXX_LIBRARY = "libc++";
				CLANG_ENABLE_MODULES = YES;
				CLANG_ENABLE_OBJC_ARC = YES;
				CLANG_WARN_BOOL_CONVERSION = YES;
				CLANG_WARN_CONSTANT_CONVERSION = YES;
				CLANG_WARN_DIRECT_OBJC_ISA_USAGE = YES_ERROR;
				CLANG_WARN_EMPTY_BODY = YES;
				CLANG_WARN_ENUM_CONVERSION = YES;
				CLANG_WARN_INT_CONVERSION = YES;
				CLANG_WARN_OBJC_ROOT_CLASS = YES_ERROR;
				CLANG_WARN_UNREACHABLE_CODE = YES;
				CLANG_WARN__DUPLICATE_METHOD_MATCH = YES;
				"CODE_SIGN_IDENTITY[sdk=iphoneos*]" = "iPhone Developer";
				COPY_PHASE_STRIP = YES;
				ENABLE_NS_ASSERTIONS = NO;
				ENABLE_STRICT_OBJC_MSGSEND = YES;
				GCC_C_LANGUAGE_STANDARD = gnu99;
				GCC_WARN_64_TO_32_BIT_CONVERSION = YES;
				GCC_WARN_ABOUT_RETURN_TYPE = YES_ERROR;
				GCC_WARN_UNDECLARED_SELECTOR = YES;
				GCC_WARN_UNINITIALIZED_AUTOS = YES_AGGRESSIVE;
				GCC_WARN_UNUSED_FUNCTION = YES;
				GCC_WARN_UNUSED_VARIABLE = YES;
				IPHONEOS_DEPLOYMENT_TARGET = 8.0;
				MTL_ENABLE_DEBUG_INFO = NO;
				SDKROOT = iphoneos;
				TARGETED_DEVICE_FAMILY = "1,2";
				VALIDATE_PRODUCT = YES;
				WARNING_CFLAGS = (
					"-Wall",
					"-Wextra",
					"-Weverything",
					"-Wno-unused-parameter",
				);
			};
			name = Release;
		};
		D0A53D8F19CB5EEF00306799 /* Debug */ = {
			isa = XCBuildConfiguration;
			buildSettings = {
				ASSETCATALOG_COMPILER_APPICON_NAME = AppIcon;
				CODE_SIGN_IDENTITY = "iPhone Developer";
				"CODE_SIGN_IDENTITY[sdk=iphoneos*]" = "iPhone Developer";
				INFOPLIST_FILE = "NamesOfGod/NamesOfGod-Info.plist";
				LD_RUNPATH_SEARCH_PATHS = "$(inherited) @executable_path/Frameworks";
				PRODUCT_NAME = "$(TARGET_NAME)";
				PROVISIONING_PROFILE = "";
			};
			name = Debug;
		};
		D0A53D9019CB5EEF00306799 /* Release */ = {
			isa = XCBuildConfiguration;
			buildSettings = {
				ASSETCATALOG_COMPILER_APPICON_NAME = AppIcon;
				CODE_SIGN_IDENTITY = "iPhone Developer";
				"CODE_SIGN_IDENTITY[sdk=iphoneos*]" = "iPhone Developer";
				INFOPLIST_FILE = "NamesOfGod/NamesOfGod-Info.plist";
				LD_RUNPATH_SEARCH_PATHS = "$(inherited) @executable_path/Frameworks";
				PRODUCT_NAME = "$(TARGET_NAME)";
				PROVISIONING_PROFILE = "";
			};
			name = Release;
		};
		D0A53D9219CB5EEF00306799 /* Debug */ = {
			isa = XCBuildConfiguration;
			buildSettings = {
				BUNDLE_LOADER = "$(TEST_HOST)";
				FRAMEWORK_SEARCH_PATHS = (
					"$(SDKROOT)/Developer/Library/Frameworks",
					"$(inherited)",
				);
				GCC_PREPROCESSOR_DEFINITIONS = (
					"DEBUG=1",
					"$(inherited)",
				);
				INFOPLIST_FILE = "NamesOfGodTests/NamesOfGodTests-Info.plist";
				LD_RUNPATH_SEARCH_PATHS = "$(inherited) @executable_path/Frameworks @loader_path/Frameworks";
				PRODUCT_NAME = "$(TARGET_NAME)";
				TEST_HOST = "$(BUILT_PRODUCTS_DIR)/NamesOfGod.app/NamesOfGod";
			};
			name = Debug;
		};
		D0A53D9319CB5EEF00306799 /* Release */ = {
			isa = XCBuildConfiguration;
			buildSettings = {
				BUNDLE_LOADER = "$(TEST_HOST)";
				FRAMEWORK_SEARCH_PATHS = (
					"$(SDKROOT)/Developer/Library/Frameworks",
					"$(inherited)",
				);
				INFOPLIST_FILE = "NamesOfGodTests/NamesOfGodTests-Info.plist";
				LD_RUNPATH_SEARCH_PATHS = "$(inherited) @executable_path/Frameworks @loader_path/Frameworks";
				PRODUCT_NAME = "$(TARGET_NAME)";
				TEST_HOST = "$(BUILT_PRODUCTS_DIR)/NamesOfGod.app/NamesOfGod";
			};
			name = Release;
		};
/* End XCBuildConfiguration section */

/* Begin XCConfigurationList section */
		D0A53D6019CB5EEF00306799 /* Build configuration list for PBXProject "NamesOfGod" */ = {
			isa = XCConfigurationList;
			buildConfigurations = (
				D0A53D8C19CB5EEF00306799 /* Debug */,
				D0A53D8D19CB5EEF00306799 /* Release */,
			);
			defaultConfigurationIsVisible = 0;
			defaultConfigurationName = Release;
		};
		D0A53D8E19CB5EEF00306799 /* Build configuration list for PBXNativeTarget "NamesOfGod" */ = {
			isa = XCConfigurationList;
			buildConfigurations = (
				D0A53D8F19CB5EEF00306799 /* Debug */,
				D0A53D9019CB5EEF00306799 /* Release */,
			);
			defaultConfigurationIsVisible = 0;
			defaultConfigurationName = Release;
		};
		D0A53D9119CB5EEF00306799 /* Build configuration list for PBXNativeTarget "NamesOfGodTests" */ = {
			isa = XCConfigurationList;
			buildConfigurations = (
				D0A53D9219CB5EEF00306799 /* Debug */,
				D0A53D9319CB5EEF00306799 /* Release */,
			);
			defaultConfigurationIsVisible = 0;
			defaultConfigurationName = Release;
		};
/* End XCConfigurationList section */

/* Begin XCVersionGroup section */
		D0A53D6F19CB5EEF00306799 /* NamesOfGod.xcdatamodeld */ = {
			isa = XCVersionGroup;
			children = (
				D0A53D7019CB5EEF00306799 /* NamesOfGod.xcdatamodel */,
			);
			currentVersion = D0A53D7019CB5EEF00306799 /* NamesOfGod.xcdatamodel */;
			path = NamesOfGod.xcdatamodeld;
			sourceTree = "<group>";
			versionGroupType = wrapper.xcdatamodel;
		};
/* End XCVersionGroup section */
	};
	rootObject = D0A53D5D19CB5EEF00306799 /* Project object */;
}
